
Microsoft Visual Studio Solution File, Format Version 12.00
# Visual Studio Version 16
VisualStudioVersion = 16.0.28809.33
MinimumVisualStudioVersion = 10.0.40219.1
Project("{FAE04EC0-301F-11D3-BF4B-00C04F79EFBC}") = "GeoplacementClicker.Persistence", "GeoplacementClicker.Persistence\GeoplacementClicker.Persistence.csproj", "{1F531E1C-AA76-417F-92DF-E0069EA8B65A}"
EndProject
Project("{FAE04EC0-301F-11D3-BF4B-00C04F79EFBC}") = "GeoplacementClicker.Web", "GeoplacementClicker.Web\GeoplacementClicker.Web.csproj", "{6D0B9018-A2D8-4F58-B576-087FB5C02839}"
EndProject
Global
	GlobalSection(SolutionConfigurationPlatforms) = preSolution
		Debug|Any CPU = Debug|Any CPU
		Release|Any CPU = Release|Any CPU
	EndGlobalSection
	GlobalSection(ProjectConfigurationPlatforms) = postSolution
		{1F531E1C-AA76-417F-92DF-E0069EA8B65A}.Debug|Any CPU.ActiveCfg = Debug|Any CPU
		{1F531E1C-AA76-417F-92DF-E0069EA8B65A}.Debug|Any CPU.Build.0 = Debug|Any CPU
		{1F531E1C-AA76-417F-92DF-E0069EA8B65A}.Release|Any CPU.ActiveCfg = Release|Any CPU
		{1F531E1C-AA76-417F-92DF-E0069EA8B65A}.Release|Any CPU.Build.0 = Release|Any CPU
		{6D0B9018-A2D8-4F58-B576-087FB5C02839}.Debug|Any CPU.ActiveCfg = Debug|Any CPU
		{6D0B9018-A2D8-4F58-B576-087FB5C02839}.Debug|Any CPU.Build.0 = Debug|Any CPU
		{6D0B9018-A2D8-4F58-B576-087FB5C02839}.Release|Any CPU.ActiveCfg = Release|Any CPU
		{6D0B9018-A2D8-4F58-B576-087FB5C02839}.Release|Any CPU.Build.0 = Release|Any CPU
	EndGlobalSection
	GlobalSection(SolutionProperties) = preSolution
		HideSolutionNode = FALSE
	EndGlobalSection
	GlobalSection(ExtensibilityGlobals) = postSolution
		SolutionGuid = {9F3F71EC-E367-4DA6-9351-9CB1D7843BE1}
	EndGlobalSection
EndGlobal
